// !$*UTF8*$!
{
	archiveVersion = 1;
	classes = {
	};
	objectVersion = 50;
	objects = {

/* Begin PBXBuildFile section */
		31E699FF23C794FB00D1C56E /* GoalCell.swift in Sources */ = {isa = PBXBuildFile; fileRef = 31E699FE23C794FB00D1C56E /* GoalCell.swift */; };
		31E69A0123C7BCE500D1C56E /* GoalType.swift in Sources */ = {isa = PBXBuildFile; fileRef = 31E69A0023C7BCE500D1C56E /* GoalType.swift */; };
		31E69A0323C7C26500D1C56E /* CreateGoalVC.swift in Sources */ = {isa = PBXBuildFile; fileRef = 31E69A0223C7C26500D1C56E /* CreateGoalVC.swift */; };
		31E69A0523C7C81900D1C56E /* UIViewControllerExt.swift in Sources */ = {isa = PBXBuildFile; fileRef = 31E69A0423C7C81900D1C56E /* UIViewControllerExt.swift */; };
		31ECD0E023C7892300672DF0 /* AppDelegate.swift in Sources */ = {isa = PBXBuildFile; fileRef = 31ECD0DF23C7892300672DF0 /* AppDelegate.swift */; };
		31ECD0E223C7892300672DF0 /* SceneDelegate.swift in Sources */ = {isa = PBXBuildFile; fileRef = 31ECD0E123C7892300672DF0 /* SceneDelegate.swift */; };
		31ECD0E423C7892300672DF0 /* GoalsVC.swift in Sources */ = {isa = PBXBuildFile; fileRef = 31ECD0E323C7892300672DF0 /* GoalsVC.swift */; };
		31ECD0E723C7892300672DF0 /* Main.storyboard in Resources */ = {isa = PBXBuildFile; fileRef = 31ECD0E523C7892300672DF0 /* Main.storyboard */; };
		31ECD0EA23C7892300672DF0 /* goals_manager.xcdatamodeld in Sources */ = {isa = PBXBuildFile; fileRef = 31ECD0E823C7892300672DF0 /* goals_manager.xcdatamodeld */; };
		31ECD0EC23C7892700672DF0 /* Assets.xcassets in Resources */ = {isa = PBXBuildFile; fileRef = 31ECD0EB23C7892700672DF0 /* Assets.xcassets */; };
		31ECD0EF23C7892700672DF0 /* LaunchScreen.storyboard in Resources */ = {isa = PBXBuildFile; fileRef = 31ECD0ED23C7892700672DF0 /* LaunchScreen.storyboard */; };
/* End PBXBuildFile section */

/* Begin PBXFileReference section */
		31E699FE23C794FB00D1C56E /* GoalCell.swift */ = {isa = PBXFileReference; lastKnownFileType = sourcecode.swift; path = GoalCell.swift; sourceTree = "<group>"; };
		31E69A0023C7BCE500D1C56E /* GoalType.swift */ = {isa = PBXFileReference; lastKnownFileType = sourcecode.swift; path = GoalType.swift; sourceTree = "<group>"; };
		31E69A0223C7C26500D1C56E /* CreateGoalVC.swift */ = {isa = PBXFileReference; lastKnownFileType = sourcecode.swift; path = CreateGoalVC.swift; sourceTree = "<group>"; };
		31E69A0423C7C81900D1C56E /* UIViewControllerExt.swift */ = {isa = PBXFileReference; lastKnownFileType = sourcecode.swift; path = UIViewControllerExt.swift; sourceTree = "<group>"; };
		31ECD0DC23C7892300672DF0 /* goals-manager.app */ = {isa = PBXFileReference; explicitFileType = wrapper.application; includeInIndex = 0; path = "goals-manager.app"; sourceTree = BUILT_PRODUCTS_DIR; };
		31ECD0DF23C7892300672DF0 /* AppDelegate.swift */ = {isa = PBXFileReference; lastKnownFileType = sourcecode.swift; path = AppDelegate.swift; sourceTree = "<group>"; };
		31ECD0E123C7892300672DF0 /* SceneDelegate.swift */ = {isa = PBXFileReference; lastKnownFileType = sourcecode.swift; path = SceneDelegate.swift; sourceTree = "<group>"; };
		31ECD0E323C7892300672DF0 /* GoalsVC.swift */ = {isa = PBXFileReference; lastKnownFileType = sourcecode.swift; path = GoalsVC.swift; sourceTree = "<group>"; };
		31ECD0E623C7892300672DF0 /* Base */ = {isa = PBXFileReference; lastKnownFileType = file.storyboard; name = Base; path = Base.lproj/Main.storyboard; sourceTree = "<group>"; };
		31ECD0E923C7892300672DF0 /* goals_manager.xcdatamodel */ = {isa = PBXFileReference; lastKnownFileType = wrapper.xcdatamodel; path = goals_manager.xcdatamodel; sourceTree = "<group>"; };
		31ECD0EB23C7892700672DF0 /* Assets.xcassets */ = {isa = PBXFileReference; lastKnownFileType = folder.assetcatalog; path = Assets.xcassets; sourceTree = "<group>"; };
		31ECD0EE23C7892700672DF0 /* Base */ = {isa = PBXFileReference; lastKnownFileType = file.storyboard; name = Base; path = Base.lproj/LaunchScreen.storyboard; sourceTree = "<group>"; };
		31ECD0F023C7892700672DF0 /* Info.plist */ = {isa = PBXFileReference; lastKnownFileType = text.plist.xml; path = Info.plist; sourceTree = "<group>"; };
/* End PBXFileReference section */

/* Begin PBXFrameworksBuildPhase section */
		31ECD0D923C7892300672DF0 /* Frameworks */ = {
			isa = PBXFrameworksBuildPhase;
			buildActionMask = 2147483647;
			files = (
			);
			runOnlyForDeploymentPostprocessing = 0;
		};
/* End PBXFrameworksBuildPhase section */

/* Begin PBXGroup section */
		31ECD0D323C7892300672DF0 = {
			isa = PBXGroup;
			children = (
				31ECD0DE23C7892300672DF0 /* goals-manager */,
				31ECD0DD23C7892300672DF0 /* Products */,
			);
			sourceTree = "<group>";
		};
		31ECD0DD23C7892300672DF0 /* Products */ = {
			isa = PBXGroup;
			children = (
				31ECD0DC23C7892300672DF0 /* goals-manager.app */,
			);
			name = Products;
			sourceTree = "<group>";
		};
		31ECD0DE23C7892300672DF0 /* goals-manager */ = {
			isa = PBXGroup;
			children = (
				31ECD0F923C789B500672DF0 /* Extensions */,
				31ECD0F823C789AF00672DF0 /* Enums */,
				31ECD0F723C7899A00672DF0 /* View */,
				31ECD0F623C7898E00672DF0 /* Controller */,
				31ECD0DF23C7892300672DF0 /* AppDelegate.swift */,
				31ECD0E123C7892300672DF0 /* SceneDelegate.swift */,
				31ECD0E523C7892300672DF0 /* Main.storyboard */,
				31ECD0EB23C7892700672DF0 /* Assets.xcassets */,
				31ECD0ED23C7892700672DF0 /* LaunchScreen.storyboard */,
				31ECD0F023C7892700672DF0 /* Info.plist */,
				31ECD0E823C7892300672DF0 /* goals_manager.xcdatamodeld */,
			);
			path = "goals-manager";
			sourceTree = "<group>";
		};
		31ECD0F623C7898E00672DF0 /* Controller */ = {
			isa = PBXGroup;
			children = (
				31ECD0E323C7892300672DF0 /* GoalsVC.swift */,
				31E69A0223C7C26500D1C56E /* CreateGoalVC.swift */,
			);
			path = Controller;
			sourceTree = "<group>";
		};
		31ECD0F723C7899A00672DF0 /* View */ = {
			isa = PBXGroup;
			children = (
				31E699FE23C794FB00D1C56E /* GoalCell.swift */,
			);
			path = View;
			sourceTree = "<group>";
		};
		31ECD0F823C789AF00672DF0 /* Enums */ = {
			isa = PBXGroup;
			children = (
				31E69A0023C7BCE500D1C56E /* GoalType.swift */,
			);
			path = Enums;
			sourceTree = "<group>";
		};
		31ECD0F923C789B500672DF0 /* Extensions */ = {
			isa = PBXGroup;
			children = (
				31E69A0423C7C81900D1C56E /* UIViewControllerExt.swift */,
			);
			path = Extensions;
			sourceTree = "<group>";
		};
/* End PBXGroup section */

/* Begin PBXNativeTarget section */
		31ECD0DB23C7892300672DF0 /* goals-manager */ = {
			isa = PBXNativeTarget;
			buildConfigurationList = 31ECD0F323C7892700672DF0 /* Build configuration list for PBXNativeTarget "goals-manager" */;
			buildPhases = (
				31ECD0D823C7892300672DF0 /* Sources */,
				31ECD0D923C7892300672DF0 /* Frameworks */,
				31ECD0DA23C7892300672DF0 /* Resources */,
			);
			buildRules = (
			);
			dependencies = (
			);
			name = "goals-manager";
			productName = "goals-manager";
			productReference = 31ECD0DC23C7892300672DF0 /* goals-manager.app */;
			productType = "com.apple.product-type.application";
		};
/* End PBXNativeTarget section */

/* Begin PBXProject section */
		31ECD0D423C7892300672DF0 /* Project object */ = {
			isa = PBXProject;
			attributes = {
				LastSwiftUpdateCheck = 1130;
				LastUpgradeCheck = 1130;
				ORGANIZATIONNAME = "Kilyan SOCKALINGUM";
				TargetAttributes = {
					31ECD0DB23C7892300672DF0 = {
						CreatedOnToolsVersion = 11.3;
					};
				};
			};
			buildConfigurationList = 31ECD0D723C7892300672DF0 /* Build configuration list for PBXProject "goals-manager" */;
			compatibilityVersion = "Xcode 9.3";
			developmentRegion = en;
			hasScannedForEncodings = 0;
			knownRegions = (
				en,
				Base,
			);
			mainGroup = 31ECD0D323C7892300672DF0;
			productRefGroup = 31ECD0DD23C7892300672DF0 /* Products */;
			projectDirPath = "";
			projectRoot = "";
			targets = (
				31ECD0DB23C7892300672DF0 /* goals-manager */,
			);
		};
/* End PBXProject section */

/* Begin PBXResourcesBuildPhase section */
		31ECD0DA23C7892300672DF0 /* Resources */ = {
			isa = PBXResourcesBuildPhase;
			buildActionMask = 2147483647;
			files = (
				31ECD0EF23C7892700672DF0 /* LaunchScreen.storyboard in Resources */,
				31ECD0EC23C7892700672DF0 /* Assets.xcassets in Resources */,
				31ECD0E723C7892300672DF0 /* Main.storyboard in Resources */,
			);
			runOnlyForDeploymentPostprocessing = 0;
		};
/* End PBXResourcesBuildPhase section */

/* Begin PBXSourcesBuildPhase section */
		31ECD0D823C7892300672DF0 /* Sources */ = {
			isa = PBXSourcesBuildPhase;
			buildActionMask = 2147483647;
			files = (
				31ECD0E423C7892300672DF0 /* GoalsVC.swift in Sources */,
				31ECD0E023C7892300672DF0 /* AppDelegate.swift in Sources */,
				31E69A0523C7C81900D1C56E /* UIViewControllerExt.swift in Sources */,
				31E69A0123C7BCE500D1C56E /* GoalType.swift in Sources */,
				31ECD0EA23C7892300672DF0 /* goals_manager.xcdatamodeld in Sources */,
				31E69A0323C7C26500D1C56E /* CreateGoalVC.swift in Sources */,
				31E699FF23C794FB00D1C56E /* GoalCell.swift in Sources */,
				31ECD0E223C7892300672DF0 /* SceneDelegate.swift in Sources */,
			);
			runOnlyForDeploymentPostprocessing = 0;
		};
/* End PBXSourcesBuildPhase section */

/* Begin PBXVariantGroup section */
		31ECD0E523C7892300672DF0 /* Main.storyboard */ = {
			isa = PBXVariantGroup;
			children = (
				31ECD0E623C7892300672DF0 /* Base */,
			);
			name = Main.storyboard;
			sourceTree = "<group>";
		};
		31ECD0ED23C7892700672DF0 /* LaunchScreen.storyboard */ = {
			isa = PBXVariantGroup;
			children = (
				31ECD0EE23C7892700672DF0 /* Base */,
			);
			name = LaunchScreen.storyboard;
			sourceTree = "<group>";
		};
/* End PBXVariantGroup section */

/* Begin XCBuildConfiguration section */
		31ECD0F123C7892700672DF0 /* Debug */ = {
			isa = XCBuildConfiguration;
			buildSettings = {
				ALWAYS_SEARCH_USER_PATHS = NO;
				CLANG_ANALYZER_NONNULL = YES;
				CLANG_ANALYZER_NUMBER_OBJECT_CONVERSION = YES_AGGRESSIVE;
				CLANG_CXX_LANGUAGE_STANDARD = "gnu++14";
				CLANG_CXX_LIBRARY = "libc++";
				CLANG_ENABLE_MODULES = YES;
				CLANG_ENABLE_OBJC_ARC = YES;
				CLANG_ENABLE_OBJC_WEAK = YES;
				CLANG_WARN_BLOCK_CAPTURE_AUTORELEASING = YES;
				CLANG_WARN_BOOL_CONVERSION = YES;
				CLANG_WARN_COMMA = YES;
				CLANG_WARN_CONSTANT_CONVERSION = YES;
				CLANG_WARN_DEPRECATED_OBJC_IMPLEMENTATIONS = YES;
				CLANG_WARN_DIRECT_OBJC_ISA_USAGE = YES_ERROR;
				CLANG_WARN_DOCUMENTATION_COMMENTS = YES;
				CLANG_WARN_EMPTY_BODY = YES;
				CLANG_WARN_ENUM_CONVERSION = YES;
				CLANG_WARN_INFINITE_RECURSION = YES;
				CLANG_WARN_INT_CONVERSION = YES;
				CLANG_WARN_NON_LITERAL_NULL_CONVERSION = YES;
				CLANG_WARN_OBJC_IMPLICIT_RETAIN_SELF = YES;
				CLANG_WARN_OBJC_LITERAL_CONVERSION = YES;
				CLANG_WARN_OBJC_ROOT_CLASS = YES_ERROR;
				CLANG_WARN_RANGE_LOOP_ANALYSIS = YES;
				CLANG_WARN_STRICT_PROTOTYPES = YES;
				CLANG_WARN_SUSPICIOUS_MOVE = YES;
				CLANG_WARN_UNGUARDED_AVAILABILITY = YES_AGGRESSIVE;
				CLANG_WARN_UNREACHABLE_CODE = YES;
				CLANG_WARN__DUPLICATE_METHOD_MATCH = YES;
				COPY_PHASE_STRIP = NO;
				DEBUG_INFORMATION_FORMAT = dwarf;
				ENABLE_STRICT_OBJC_MSGSEND = YES;
				ENABLE_TESTABILITY = YES;
				GCC_C_LANGUAGE_STANDARD = gnu11;
				GCC_DYNAMIC_NO_PIC = NO;
				GCC_NO_COMMON_BLOCKS = YES;
				GCC_OPTIMIZATION_LEVEL = 0;
				GCC_PREPROCESSOR_DEFINITIONS = (
					"DEBUG=1",
					"$(inherited)",
				);
				GCC_WARN_64_TO_32_BIT_CONVERSION = YES;
				GCC_WARN_ABOUT_RETURN_TYPE = YES_ERROR;
				GCC_WARN_UNDECLARED_SELECTOR = YES;
				GCC_WARN_UNINITIALIZED_AUTOS = YES_AGGRESSIVE;
				GCC_WARN_UNUSED_FUNCTION = YES;
				GCC_WARN_UNUSED_VARIABLE = YES;
				IPHONEOS_DEPLOYMENT_TARGET = 13.2;
				MTL_ENABLE_DEBUG_INFO = INCLUDE_SOURCE;
				MTL_FAST_MATH = YES;
				ONLY_ACTIVE_ARCH = YES;
				SDKROOT = iphoneos;
				SWIFT_ACTIVE_COMPILATION_CONDITIONS = DEBUG;
				SWIFT_OPTIMIZATION_LEVEL = "-Onone";
			};
			name = Debug;
		};
		31ECD0F223C7892700672DF0 /* Release */ = {
			isa = XCBuildConfiguration;
			buildSettings = {
				ALWAYS_SEARCH_USER_PATHS = NO;
				CLANG_ANALYZER_NONNULL = YES;
				CLANG_ANALYZER_NUMBER_OBJECT_CONVERSION = YES_AGGRESSIVE;
				CLANG_CXX_LANGUAGE_STANDARD = "gnu++14";
				CLANG_CXX_LIBRARY = "libc++";
				CLANG_ENABLE_MODULES = YES;
				CLANG_ENABLE_OBJC_ARC = YES;
				CLANG_ENABLE_OBJC_WEAK = YES;
				CLANG_WARN_BLOCK_CAPTURE_AUTORELEASING = YES;
				CLANG_WARN_BOOL_CONVERSION = YES;
				CLANG_WARN_COMMA = YES;
				CLANG_WARN_CONSTANT_CONVERSION = YES;
				CLANG_WARN_DEPRECATED_OBJC_IMPLEMENTATIONS = YES;
				CLANG_WARN_DIRECT_OBJC_ISA_USAGE = YES_ERROR;
				CLANG_WARN_DOCUMENTATION_COMMENTS = YES;
				CLANG_WARN_EMPTY_BODY = YES;
				CLANG_WARN_ENUM_CONVERSION = YES;
				CLANG_WARN_INFINITE_RECURSION = YES;
				CLANG_WARN_INT_CONVERSION = YES;
				CLANG_WARN_NON_LITERAL_NULL_CONVERSION = YES;
				CLANG_WARN_OBJC_IMPLICIT_RETAIN_SELF = YES;
				CLANG_WARN_OBJC_LITERAL_CONVERSION = YES;
				CLANG_WARN_OBJC_ROOT_CLASS = YES_ERROR;
				CLANG_WARN_RANGE_LOOP_ANALYSIS = YES;
				CLANG_WARN_STRICT_PROTOTYPES = YES;
				CLANG_WARN_SUSPICIOUS_MOVE = YES;
				CLANG_WARN_UNGUARDED_AVAILABILITY = YES_AGGRESSIVE;
				CLANG_WARN_UNREACHABLE_CODE = YES;
				CLANG_WARN__DUPLICATE_METHOD_MATCH = YES;
				COPY_PHASE_STRIP = NO;
				DEBUG_INFORMATION_FORMAT = "dwarf-with-dsym";
				ENABLE_NS_ASSERTIONS = NO;
				ENABLE_STRICT_OBJC_MSGSEND = YES;
				GCC_C_LANGUAGE_STANDARD = gnu11;
				GCC_NO_COMMON_BLOCKS = YES;
				GCC_WARN_64_TO_32_BIT_CONVERSION = YES;
				GCC_WARN_ABOUT_RETURN_TYPE = YES_ERROR;
				GCC_WARN_UNDECLARED_SELECTOR = YES;
				GCC_WARN_UNINITIALIZED_AUTOS = YES_AGGRESSIVE;
				GCC_WARN_UNUSED_FUNCTION = YES;
				GCC_WARN_UNUSED_VARIABLE = YES;
				IPHONEOS_DEPLOYMENT_TARGET = 13.2;
				MTL_ENABLE_DEBUG_INFO = NO;
				MTL_FAST_MATH = YES;
				SDKROOT = iphoneos;
				SWIFT_COMPILATION_MODE = wholemodule;
				SWIFT_OPTIMIZATION_LEVEL = "-O";
				VALIDATE_PRODUCT = YES;
			};
			name = Release;
		};
		31ECD0F423C7892700672DF0 /* Debug */ = {
			isa = XCBuildConfiguration;
			buildSettings = {
				ASSETCATALOG_COMPILER_APPICON_NAME = AppIcon;
				CODE_SIGN_STYLE = Automatic;
				INFOPLIST_FILE = "goals-manager/Info.plist";
				LD_RUNPATH_SEARCH_PATHS = (
					"$(inherited)",
					"@executable_path/Frameworks",
				);
				PRODUCT_BUNDLE_IDENTIFIER = "com.kilyansockalingum.goals-manager";
				PRODUCT_NAME = "$(TARGET_NAME)";
				SWIFT_VERSION = 5.0;
				TARGETED_DEVICE_FAMILY = "1,2";
			};
			name = Debug;
		};
		31ECD0F523C7892700672DF0 /* Release */ = {
			isa = XCBuildConfiguration;
			buildSettings = {
				ASSETCATALOG_COMPILER_APPICON_NAME = AppIcon;
				CODE_SIGN_STYLE = Automatic;
				INFOPLIST_FILE = "goals-manager/Info.plist";
				LD_RUNPATH_SEARCH_PATHS = (
					"$(inherited)",
					"@executable_path/Frameworks",
				);
				PRODUCT_BUNDLE_IDENTIFIER = "com.kilyansockalingum.goals-manager";
				PRODUCT_NAME = "$(TARGET_NAME)";
				SWIFT_VERSION = 5.0;
				TARGETED_DEVICE_FAMILY = "1,2";
			};
			name = Release;
		};
/* End XCBuildConfiguration section */

/* Begin XCConfigurationList section */
		31ECD0D723C7892300672DF0 /* Build configuration list for PBXProject "goals-manager" */ = {
			isa = XCConfigurationList;
			buildConfigurations = (
				31ECD0F123C7892700672DF0 /* Debug */,
				31ECD0F223C7892700672DF0 /* Release */,
			);
			defaultConfigurationIsVisible = 0;
			defaultConfigurationName = Release;
		};
		31ECD0F323C7892700672DF0 /* Build configuration list for PBXNativeTarget "goals-manager" */ = {
			isa = XCConfigurationList;
			buildConfigurations = (
				31ECD0F423C7892700672DF0 /* Debug */,
				31ECD0F523C7892700672DF0 /* Release */,
			);
			defaultConfigurationIsVisible = 0;
			defaultConfigurationName = Release;
		};
/* End XCConfigurationList section */

/* Begin XCVersionGroup section */
		31ECD0E823C7892300672DF0 /* goals_manager.xcdatamodeld */ = {
			isa = XCVersionGroup;
			children = (
				31ECD0E923C7892300672DF0 /* goals_manager.xcdatamodel */,
			);
			currentVersion = 31ECD0E923C7892300672DF0 /* goals_manager.xcdatamodel */;
			path = goals_manager.xcdatamodeld;
			sourceTree = "<group>";
			versionGroupType = wrapper.xcdatamodel;
		};
/* End XCVersionGroup section */
	};
	rootObject = 31ECD0D423C7892300672DF0 /* Project object */;
}
